// !$*UTF8*$!
{
	archiveVersion = 1;
	classes = {
	};
	objectVersion = 55;
	objects = {

/* Begin PBXBuildFile section */
		BF30649E2752B4D000206989 /* Input3.txt in Resources */ = {isa = PBXBuildFile; fileRef = BF30649C2752B4D000206989 /* Input3.txt */; };
		BF30649F2752B4D000206989 /* Solve3.swift in Sources */ = {isa = PBXBuildFile; fileRef = BF30649D2752B4D000206989 /* Solve3.swift */; };
		BF3064A02752B8D500206989 /* Solve3.swift in Sources */ = {isa = PBXBuildFile; fileRef = BF30649D2752B4D000206989 /* Solve3.swift */; };
		BF5819BC2752BD1700B70A2E /* Solve4.swift in Sources */ = {isa = PBXBuildFile; fileRef = BF5819BA2752BD1700B70A2E /* Solve4.swift */; };
		BF5819BE2752BF0400B70A2E /* Solve4.swift in Sources */ = {isa = PBXBuildFile; fileRef = BF5819BA2752BD1700B70A2E /* Solve4.swift */; };
		BF950C4327540BD000525DC0 /* Solve9.swift in Sources */ = {isa = PBXBuildFile; fileRef = BF950C4127540BD000525DC0 /* Solve9.swift */; };
		BF950C4427540BD000525DC0 /* Input9.txt in Resources */ = {isa = PBXBuildFile; fileRef = BF950C4227540BD000525DC0 /* Input9.txt */; };
		BF950C4527540BD500525DC0 /* Solve9.swift in Sources */ = {isa = PBXBuildFile; fileRef = BF950C4127540BD000525DC0 /* Solve9.swift */; };
		BF950C4827541D6600525DC0 /* Solve10.swift in Sources */ = {isa = PBXBuildFile; fileRef = BF950C4727541D6600525DC0 /* Solve10.swift */; };
		BF950C4927541D6600525DC0 /* Solve10.swift in Sources */ = {isa = PBXBuildFile; fileRef = BF950C4727541D6600525DC0 /* Solve10.swift */; };
		BF950C4F27545BB000525DC0 /* Solve11.swift in Sources */ = {isa = PBXBuildFile; fileRef = BF950C4E27545BB000525DC0 /* Solve11.swift */; };
		BF950C5027545BB000525DC0 /* Solve11.swift in Sources */ = {isa = PBXBuildFile; fileRef = BF950C4E27545BB000525DC0 /* Solve11.swift */; };
		BFE243442752FFAC009FCD7B /* Solve5.swift in Sources */ = {isa = PBXBuildFile; fileRef = BFE243432752FFAC009FCD7B /* Solve5.swift */; };
		BFE243462753007E009FCD7B /* Input5.txt in Resources */ = {isa = PBXBuildFile; fileRef = BFE243452753007E009FCD7B /* Input5.txt */; };
		BFE24347275301D5009FCD7B /* Solve5.swift in Sources */ = {isa = PBXBuildFile; fileRef = BFE243432752FFAC009FCD7B /* Solve5.swift */; };
		BFE2434B275318A9009FCD7B /* Input6.txt in Resources */ = {isa = PBXBuildFile; fileRef = BFE24349275318A8009FCD7B /* Input6.txt */; };
		BFE2434C275318A9009FCD7B /* Solve6.swift in Sources */ = {isa = PBXBuildFile; fileRef = BFE2434A275318A8009FCD7B /* Solve6.swift */; };
		BFE2434D27531C17009FCD7B /* Solve6.swift in Sources */ = {isa = PBXBuildFile; fileRef = BFE2434A275318A8009FCD7B /* Solve6.swift */; };
		BFE24351275356F9009FCD7B /* Input7.txt in Resources */ = {isa = PBXBuildFile; fileRef = BFE2434F275356F9009FCD7B /* Input7.txt */; };
		BFE24352275356F9009FCD7B /* Solve7.swift in Sources */ = {isa = PBXBuildFile; fileRef = BFE24350275356F9009FCD7B /* Solve7.swift */; };
		BFE2435327535CA6009FCD7B /* Solve7.swift in Sources */ = {isa = PBXBuildFile; fileRef = BFE24350275356F9009FCD7B /* Solve7.swift */; };
		BFE24357275370BC009FCD7B /* Input8.txt in Resources */ = {isa = PBXBuildFile; fileRef = BFE24355275370BC009FCD7B /* Input8.txt */; };
		BFE24358275370BC009FCD7B /* Solve8.swift in Sources */ = {isa = PBXBuildFile; fileRef = BFE24356275370BC009FCD7B /* Solve8.swift */; };
		BFE24359275370D4009FCD7B /* Solve8.swift in Sources */ = {isa = PBXBuildFile; fileRef = BFE24356275370BC009FCD7B /* Solve8.swift */; };
		BFE871332752057300D16C9E /* AOC2015App.swift in Sources */ = {isa = PBXBuildFile; fileRef = BFE871322752057300D16C9E /* AOC2015App.swift */; };
		BFE871372752057400D16C9E /* Assets.xcassets in Resources */ = {isa = PBXBuildFile; fileRef = BFE871362752057400D16C9E /* Assets.xcassets */; };
		BFE8713A2752057400D16C9E /* Preview Assets.xcassets in Resources */ = {isa = PBXBuildFile; fileRef = BFE871392752057400D16C9E /* Preview Assets.xcassets */; };
		BFE871442752057400D16C9E /* AOC2015Tests.swift in Sources */ = {isa = PBXBuildFile; fileRef = BFE871432752057400D16C9E /* AOC2015Tests.swift */; };
		BFE87160275206CC00D16C9E /* Puzzles2015.swift in Sources */ = {isa = PBXBuildFile; fileRef = BFE8715F275206CC00D16C9E /* Puzzles2015.swift */; };
		BFE871632752071B00D16C9E /* Solve1.swift in Sources */ = {isa = PBXBuildFile; fileRef = BFE871622752071B00D16C9E /* Solve1.swift */; };
		BFE87166275207BB00D16C9E /* Input1.txt in Resources */ = {isa = PBXBuildFile; fileRef = BFE87165275207BB00D16C9E /* Input1.txt */; };
		BFE871672752087100D16C9E /* Puzzles2015.swift in Sources */ = {isa = PBXBuildFile; fileRef = BFE8715F275206CC00D16C9E /* Puzzles2015.swift */; };
		BFE871682752087E00D16C9E /* Solve1.swift in Sources */ = {isa = PBXBuildFile; fileRef = BFE871622752071B00D16C9E /* Solve1.swift */; };
		BFE8716B2752A91000D16C9E /* Solve2.swift in Sources */ = {isa = PBXBuildFile; fileRef = BFE8716A2752A91000D16C9E /* Solve2.swift */; };
		BFE8716D2752A93500D16C9E /* Input2.txt in Resources */ = {isa = PBXBuildFile; fileRef = BFE8716C2752A93500D16C9E /* Input2.txt */; };
		BFE8716E2752A9D300D16C9E /* Solve2.swift in Sources */ = {isa = PBXBuildFile; fileRef = BFE8716A2752A91000D16C9E /* Solve2.swift */; };
		BFE871772752AEBF00D16C9E /* AOCLib in Frameworks */ = {isa = PBXBuildFile; productRef = BFE871762752AEBF00D16C9E /* AOCLib */; };
/* End PBXBuildFile section */

/* Begin PBXContainerItemProxy section */
		BFE871402752057400D16C9E /* PBXContainerItemProxy */ = {
			isa = PBXContainerItemProxy;
			containerPortal = BFE871272752057300D16C9E /* Project object */;
			proxyType = 1;
			remoteGlobalIDString = BFE8712E2752057300D16C9E;
			remoteInfo = AOC2015;
		};
/* End PBXContainerItemProxy section */

/* Begin PBXFileReference section */
		BF30649C2752B4D000206989 /* Input3.txt */ = {isa = PBXFileReference; fileEncoding = 4; lastKnownFileType = text; path = Input3.txt; sourceTree = "<group>"; };
		BF30649D2752B4D000206989 /* Solve3.swift */ = {isa = PBXFileReference; fileEncoding = 4; lastKnownFileType = sourcecode.swift; path = Solve3.swift; sourceTree = "<group>"; };
		BF5819BA2752BD1700B70A2E /* Solve4.swift */ = {isa = PBXFileReference; fileEncoding = 4; lastKnownFileType = sourcecode.swift; path = Solve4.swift; sourceTree = "<group>"; };
		BF950C4127540BD000525DC0 /* Solve9.swift */ = {isa = PBXFileReference; fileEncoding = 4; lastKnownFileType = sourcecode.swift; path = Solve9.swift; sourceTree = "<group>"; };
		BF950C4227540BD000525DC0 /* Input9.txt */ = {isa = PBXFileReference; fileEncoding = 4; lastKnownFileType = text; path = Input9.txt; sourceTree = "<group>"; };
		BF950C4727541D6600525DC0 /* Solve10.swift */ = {isa = PBXFileReference; fileEncoding = 4; lastKnownFileType = sourcecode.swift; path = Solve10.swift; sourceTree = "<group>"; };
		BF950C4E27545BB000525DC0 /* Solve11.swift */ = {isa = PBXFileReference; fileEncoding = 4; lastKnownFileType = sourcecode.swift; path = Solve11.swift; sourceTree = "<group>"; };
		BFE243432752FFAC009FCD7B /* Solve5.swift */ = {isa = PBXFileReference; fileEncoding = 4; lastKnownFileType = sourcecode.swift; path = Solve5.swift; sourceTree = "<group>"; };
		BFE243452753007E009FCD7B /* Input5.txt */ = {isa = PBXFileReference; fileEncoding = 4; lastKnownFileType = text; path = Input5.txt; sourceTree = "<group>"; };
		BFE24349275318A8009FCD7B /* Input6.txt */ = {isa = PBXFileReference; fileEncoding = 4; lastKnownFileType = text; path = Input6.txt; sourceTree = "<group>"; };
		BFE2434A275318A8009FCD7B /* Solve6.swift */ = {isa = PBXFileReference; fileEncoding = 4; lastKnownFileType = sourcecode.swift; path = Solve6.swift; sourceTree = "<group>"; };
		BFE2434F275356F9009FCD7B /* Input7.txt */ = {isa = PBXFileReference; fileEncoding = 4; lastKnownFileType = text; path = Input7.txt; sourceTree = "<group>"; };
		BFE24350275356F9009FCD7B /* Solve7.swift */ = {isa = PBXFileReference; fileEncoding = 4; lastKnownFileType = sourcecode.swift; path = Solve7.swift; sourceTree = "<group>"; };
		BFE24355275370BC009FCD7B /* Input8.txt */ = {isa = PBXFileReference; fileEncoding = 4; lastKnownFileType = text; path = Input8.txt; sourceTree = "<group>"; };
		BFE24356275370BC009FCD7B /* Solve8.swift */ = {isa = PBXFileReference; fileEncoding = 4; lastKnownFileType = sourcecode.swift; path = Solve8.swift; sourceTree = "<group>"; };
		BFE8712F2752057300D16C9E /* AOC2015.app */ = {isa = PBXFileReference; explicitFileType = wrapper.application; includeInIndex = 0; path = AOC2015.app; sourceTree = BUILT_PRODUCTS_DIR; };
		BFE871322752057300D16C9E /* AOC2015App.swift */ = {isa = PBXFileReference; lastKnownFileType = sourcecode.swift; path = AOC2015App.swift; sourceTree = "<group>"; };
		BFE871362752057400D16C9E /* Assets.xcassets */ = {isa = PBXFileReference; lastKnownFileType = folder.assetcatalog; path = Assets.xcassets; sourceTree = "<group>"; };
		BFE871392752057400D16C9E /* Preview Assets.xcassets */ = {isa = PBXFileReference; lastKnownFileType = folder.assetcatalog; path = "Preview Assets.xcassets"; sourceTree = "<group>"; };
		BFE8713F2752057400D16C9E /* AOC2015Tests.xctest */ = {isa = PBXFileReference; explicitFileType = wrapper.cfbundle; includeInIndex = 0; path = AOC2015Tests.xctest; sourceTree = BUILT_PRODUCTS_DIR; };
		BFE871432752057400D16C9E /* AOC2015Tests.swift */ = {isa = PBXFileReference; lastKnownFileType = sourcecode.swift; path = AOC2015Tests.swift; sourceTree = "<group>"; };
		BFE8715F275206CC00D16C9E /* Puzzles2015.swift */ = {isa = PBXFileReference; lastKnownFileType = sourcecode.swift; path = Puzzles2015.swift; sourceTree = "<group>"; };
		BFE871622752071B00D16C9E /* Solve1.swift */ = {isa = PBXFileReference; lastKnownFileType = sourcecode.swift; path = Solve1.swift; sourceTree = "<group>"; };
		BFE87165275207BB00D16C9E /* Input1.txt */ = {isa = PBXFileReference; fileEncoding = 4; lastKnownFileType = text; path = Input1.txt; sourceTree = "<group>"; };
		BFE8716A2752A91000D16C9E /* Solve2.swift */ = {isa = PBXFileReference; lastKnownFileType = sourcecode.swift; path = Solve2.swift; sourceTree = "<group>"; };
		BFE8716C2752A93500D16C9E /* Input2.txt */ = {isa = PBXFileReference; fileEncoding = 4; lastKnownFileType = text; path = Input2.txt; sourceTree = "<group>"; };
		BFE871742752AEA300D16C9E /* AOCLib */ = {isa = PBXFileReference; lastKnownFileType = folder; name = AOCLib; path = ../AOCLib; sourceTree = "<group>"; };
/* End PBXFileReference section */

/* Begin PBXFrameworksBuildPhase section */
		BFE8712C2752057300D16C9E /* Frameworks */ = {
			isa = PBXFrameworksBuildPhase;
			buildActionMask = 2147483647;
			files = (
				BFE871772752AEBF00D16C9E /* AOCLib in Frameworks */,
			);
			runOnlyForDeploymentPostprocessing = 0;
		};
		BFE8713C2752057400D16C9E /* Frameworks */ = {
			isa = PBXFrameworksBuildPhase;
			buildActionMask = 2147483647;
			files = (
			);
			runOnlyForDeploymentPostprocessing = 0;
		};
/* End PBXFrameworksBuildPhase section */

/* Begin PBXGroup section */
		BF30649B2752B4D000206989 /* 3 */ = {
			isa = PBXGroup;
			children = (
				BF30649C2752B4D000206989 /* Input3.txt */,
				BF30649D2752B4D000206989 /* Solve3.swift */,
			);
			path = 3;
			sourceTree = "<group>";
		};
		BF5819B92752BD1700B70A2E /* 4 */ = {
			isa = PBXGroup;
			children = (
				BF5819BA2752BD1700B70A2E /* Solve4.swift */,
			);
			path = 4;
			sourceTree = "<group>";
		};
		BF950C4027540BD000525DC0 /* 9 */ = {
			isa = PBXGroup;
			children = (
				BF950C4127540BD000525DC0 /* Solve9.swift */,
				BF950C4227540BD000525DC0 /* Input9.txt */,
			);
			path = 9;
			sourceTree = "<group>";
		};
		BF950C4627541D6600525DC0 /* 10 */ = {
			isa = PBXGroup;
			children = (
				BF950C4727541D6600525DC0 /* Solve10.swift */,
			);
			path = 10;
			sourceTree = "<group>";
		};
		BF950C4D27545BB000525DC0 /* 11 */ = {
			isa = PBXGroup;
			children = (
				BF950C4E27545BB000525DC0 /* Solve11.swift */,
			);
			path = 11;
			sourceTree = "<group>";
		};
		BFE243422752FFAC009FCD7B /* 5 */ = {
			isa = PBXGroup;
			children = (
				BFE243452753007E009FCD7B /* Input5.txt */,
				BFE243432752FFAC009FCD7B /* Solve5.swift */,
			);
			path = 5;
			sourceTree = "<group>";
		};
		BFE24348275318A8009FCD7B /* 6 */ = {
			isa = PBXGroup;
			children = (
				BFE24349275318A8009FCD7B /* Input6.txt */,
				BFE2434A275318A8009FCD7B /* Solve6.swift */,
			);
			path = 6;
			sourceTree = "<group>";
		};
		BFE2434E275356F9009FCD7B /* 7 */ = {
			isa = PBXGroup;
			children = (
				BFE2434F275356F9009FCD7B /* Input7.txt */,
				BFE24350275356F9009FCD7B /* Solve7.swift */,
			);
			path = 7;
			sourceTree = "<group>";
		};
		BFE24354275370BC009FCD7B /* 8 */ = {
			isa = PBXGroup;
			children = (
				BFE24355275370BC009FCD7B /* Input8.txt */,
				BFE24356275370BC009FCD7B /* Solve8.swift */,
			);
			path = 8;
			sourceTree = "<group>";
		};
		BFE871262752057300D16C9E = {
			isa = PBXGroup;
			children = (
				BFE871732752AEA300D16C9E /* Packages */,
				BFE871312752057300D16C9E /* AOC2015 */,
				BFE871422752057400D16C9E /* AOC2015Tests */,
				BFE871302752057300D16C9E /* Products */,
				BFE871752752AEBF00D16C9E /* Frameworks */,
			);
			sourceTree = "<group>";
		};
		BFE871302752057300D16C9E /* Products */ = {
			isa = PBXGroup;
			children = (
				BFE8712F2752057300D16C9E /* AOC2015.app */,
				BFE8713F2752057400D16C9E /* AOC2015Tests.xctest */,
			);
			name = Products;
			sourceTree = "<group>";
		};
		BFE871312752057300D16C9E /* AOC2015 */ = {
			isa = PBXGroup;
			children = (
				BFE871322752057300D16C9E /* AOC2015App.swift */,
				BFE8715F275206CC00D16C9E /* Puzzles2015.swift */,
				BFE871612752070700D16C9E /* Puzzles */,
				BFE871362752057400D16C9E /* Assets.xcassets */,
				BFE871382752057400D16C9E /* Preview Content */,
			);
			path = AOC2015;
			sourceTree = "<group>";
		};
		BFE871382752057400D16C9E /* Preview Content */ = {
			isa = PBXGroup;
			children = (
				BFE871392752057400D16C9E /* Preview Assets.xcassets */,
			);
			path = "Preview Content";
			sourceTree = "<group>";
		};
		BFE871422752057400D16C9E /* AOC2015Tests */ = {
			isa = PBXGroup;
			children = (
				BFE871432752057400D16C9E /* AOC2015Tests.swift */,
			);
			path = AOC2015Tests;
			sourceTree = "<group>";
		};
		BFE871612752070700D16C9E /* Puzzles */ = {
			isa = PBXGroup;
			children = (
				BF950C4D27545BB000525DC0 /* 11 */,
				BF950C4627541D6600525DC0 /* 10 */,
				BF950C4027540BD000525DC0 /* 9 */,
				BFE24354275370BC009FCD7B /* 8 */,
				BFE2434E275356F9009FCD7B /* 7 */,
				BFE24348275318A8009FCD7B /* 6 */,
				BFE243422752FFAC009FCD7B /* 5 */,
				BF5819B92752BD1700B70A2E /* 4 */,
				BF30649B2752B4D000206989 /* 3 */,
				BFE871692752A90200D16C9E /* 2 */,
				BFE871642752072600D16C9E /* 1 */,
			);
			path = Puzzles;
			sourceTree = "<group>";
		};
		BFE871642752072600D16C9E /* 1 */ = {
			isa = PBXGroup;
			children = (
				BFE87165275207BB00D16C9E /* Input1.txt */,
				BFE871622752071B00D16C9E /* Solve1.swift */,
			);
			path = 1;
			sourceTree = "<group>";
		};
		BFE871692752A90200D16C9E /* 2 */ = {
			isa = PBXGroup;
			children = (
				BFE8716C2752A93500D16C9E /* Input2.txt */,
				BFE8716A2752A91000D16C9E /* Solve2.swift */,
			);
			path = 2;
			sourceTree = "<group>";
		};
		BFE871732752AEA300D16C9E /* Packages */ = {
			isa = PBXGroup;
			children = (
				BFE871742752AEA300D16C9E /* AOCLib */,
			);
			name = Packages;
			sourceTree = "<group>";
		};
		BFE871752752AEBF00D16C9E /* Frameworks */ = {
			isa = PBXGroup;
			children = (
			);
			name = Frameworks;
			sourceTree = "<group>";
		};
/* End PBXGroup section */

/* Begin PBXNativeTarget section */
		BFE8712E2752057300D16C9E /* AOC2015 */ = {
			isa = PBXNativeTarget;
			buildConfigurationList = BFE871532752057400D16C9E /* Build configuration list for PBXNativeTarget "AOC2015" */;
			buildPhases = (
				BFE8712B2752057300D16C9E /* Sources */,
				BFE8712C2752057300D16C9E /* Frameworks */,
				BFE8712D2752057300D16C9E /* Resources */,
			);
			buildRules = (
			);
			dependencies = (
			);
			name = AOC2015;
			packageProductDependencies = (
				BFE871762752AEBF00D16C9E /* AOCLib */,
			);
			productName = AOC2015;
			productReference = BFE8712F2752057300D16C9E /* AOC2015.app */;
			productType = "com.apple.product-type.application";
		};
		BFE8713E2752057400D16C9E /* AOC2015Tests */ = {
			isa = PBXNativeTarget;
			buildConfigurationList = BFE871562752057400D16C9E /* Build configuration list for PBXNativeTarget "AOC2015Tests" */;
			buildPhases = (
				BFE8713B2752057400D16C9E /* Sources */,
				BFE8713C2752057400D16C9E /* Frameworks */,
				BFE8713D2752057400D16C9E /* Resources */,
			);
			buildRules = (
			);
			dependencies = (
				BFE871412752057400D16C9E /* PBXTargetDependency */,
			);
			name = AOC2015Tests;
			productName = AOC2015Tests;
			productReference = BFE8713F2752057400D16C9E /* AOC2015Tests.xctest */;
			productType = "com.apple.product-type.bundle.unit-test";
		};
/* End PBXNativeTarget section */

/* Begin PBXProject section */
		BFE871272752057300D16C9E /* Project object */ = {
			isa = PBXProject;
			attributes = {
				BuildIndependentTargetsInParallel = 1;
				LastSwiftUpdateCheck = 1310;
				LastUpgradeCheck = 1310;
				TargetAttributes = {
					BFE8712E2752057300D16C9E = {
						CreatedOnToolsVersion = 13.1;
					};
					BFE8713E2752057400D16C9E = {
						CreatedOnToolsVersion = 13.1;
						TestTargetID = BFE8712E2752057300D16C9E;
					};
				};
			};
			buildConfigurationList = BFE8712A2752057300D16C9E /* Build configuration list for PBXProject "AOC2015" */;
			compatibilityVersion = "Xcode 13.0";
			developmentRegion = en;
			hasScannedForEncodings = 0;
			knownRegions = (
				en,
				Base,
			);
			mainGroup = BFE871262752057300D16C9E;
			packageReferences = (
			);
			productRefGroup = BFE871302752057300D16C9E /* Products */;
			projectDirPath = "";
			projectRoot = "";
			targets = (
				BFE8712E2752057300D16C9E /* AOC2015 */,
				BFE8713E2752057400D16C9E /* AOC2015Tests */,
			);
		};
/* End PBXProject section */

/* Begin PBXResourcesBuildPhase section */
		BFE8712D2752057300D16C9E /* Resources */ = {
			isa = PBXResourcesBuildPhase;
			buildActionMask = 2147483647;
			files = (
				BFE8713A2752057400D16C9E /* Preview Assets.xcassets in Resources */,
				BFE87166275207BB00D16C9E /* Input1.txt in Resources */,
				BFE2434B275318A9009FCD7B /* Input6.txt in Resources */,
				BF950C4427540BD000525DC0 /* Input9.txt in Resources */,
				BFE24357275370BC009FCD7B /* Input8.txt in Resources */,
				BFE8716D2752A93500D16C9E /* Input2.txt in Resources */,
				BFE243462753007E009FCD7B /* Input5.txt in Resources */,
				BF30649E2752B4D000206989 /* Input3.txt in Resources */,
				BFE871372752057400D16C9E /* Assets.xcassets in Resources */,
				BFE24351275356F9009FCD7B /* Input7.txt in Resources */,
			);
			runOnlyForDeploymentPostprocessing = 0;
		};
		BFE8713D2752057400D16C9E /* Resources */ = {
			isa = PBXResourcesBuildPhase;
			buildActionMask = 2147483647;
			files = (
			);
			runOnlyForDeploymentPostprocessing = 0;
		};
/* End PBXResourcesBuildPhase section */

/* Begin PBXSourcesBuildPhase section */
		BFE8712B2752057300D16C9E /* Sources */ = {
			isa = PBXSourcesBuildPhase;
			buildActionMask = 2147483647;
			files = (
				BFE24358275370BC009FCD7B /* Solve8.swift in Sources */,
				BF30649F2752B4D000206989 /* Solve3.swift in Sources */,
				BFE243442752FFAC009FCD7B /* Solve5.swift in Sources */,
				BFE24352275356F9009FCD7B /* Solve7.swift in Sources */,
				BFE87160275206CC00D16C9E /* Puzzles2015.swift in Sources */,
				BF5819BC2752BD1700B70A2E /* Solve4.swift in Sources */,
				BF950C4827541D6600525DC0 /* Solve10.swift in Sources */,
				BFE871632752071B00D16C9E /* Solve1.swift in Sources */,
				BFE8716B2752A91000D16C9E /* Solve2.swift in Sources */,
				BF950C4F27545BB000525DC0 /* Solve11.swift in Sources */,
				BFE2434C275318A9009FCD7B /* Solve6.swift in Sources */,
				BFE871332752057300D16C9E /* AOC2015App.swift in Sources */,
				BF950C4327540BD000525DC0 /* Solve9.swift in Sources */,
			);
			runOnlyForDeploymentPostprocessing = 0;
		};
		BFE8713B2752057400D16C9E /* Sources */ = {
			isa = PBXSourcesBuildPhase;
			buildActionMask = 2147483647;
			files = (
				BFE24359275370D4009FCD7B /* Solve8.swift in Sources */,
				BF3064A02752B8D500206989 /* Solve3.swift in Sources */,
				BFE24347275301D5009FCD7B /* Solve5.swift in Sources */,
				BFE2435327535CA6009FCD7B /* Solve7.swift in Sources */,
				BFE871442752057400D16C9E /* AOC2015Tests.swift in Sources */,
				BF5819BE2752BF0400B70A2E /* Solve4.swift in Sources */,
				BF950C4927541D6600525DC0 /* Solve10.swift in Sources */,
				BFE871672752087100D16C9E /* Puzzles2015.swift in Sources */,
				BFE8716E2752A9D300D16C9E /* Solve2.swift in Sources */,
				BF950C5027545BB000525DC0 /* Solve11.swift in Sources */,
				BFE2434D27531C17009FCD7B /* Solve6.swift in Sources */,
				BFE871682752087E00D16C9E /* Solve1.swift in Sources */,
				BF950C4527540BD500525DC0 /* Solve9.swift in Sources */,
			);
			runOnlyForDeploymentPostprocessing = 0;
		};
/* End PBXSourcesBuildPhase section */

/* Begin PBXTargetDependency section */
		BFE871412752057400D16C9E /* PBXTargetDependency */ = {
			isa = PBXTargetDependency;
			target = BFE8712E2752057300D16C9E /* AOC2015 */;
			targetProxy = BFE871402752057400D16C9E /* PBXContainerItemProxy */;
		};
/* End PBXTargetDependency section */

/* Begin XCBuildConfiguration section */
		BFE871512752057400D16C9E /* Debug */ = {
			isa = XCBuildConfiguration;
			buildSettings = {
				ALWAYS_SEARCH_USER_PATHS = NO;
				CLANG_ANALYZER_NONNULL = YES;
				CLANG_ANALYZER_NUMBER_OBJECT_CONVERSION = YES_AGGRESSIVE;
				CLANG_CXX_LANGUAGE_STANDARD = "gnu++17";
				CLANG_CXX_LIBRARY = "libc++";
				CLANG_ENABLE_MODULES = YES;
				CLANG_ENABLE_OBJC_ARC = YES;
				CLANG_ENABLE_OBJC_WEAK = YES;
				CLANG_WARN_BLOCK_CAPTURE_AUTORELEASING = YES;
				CLANG_WARN_BOOL_CONVERSION = YES;
				CLANG_WARN_COMMA = YES;
				CLANG_WARN_CONSTANT_CONVERSION = YES;
				CLANG_WARN_DEPRECATED_OBJC_IMPLEMENTATIONS = YES;
				CLANG_WARN_DIRECT_OBJC_ISA_USAGE = YES_ERROR;
				CLANG_WARN_DOCUMENTATION_COMMENTS = YES;
				CLANG_WARN_EMPTY_BODY = YES;
				CLANG_WARN_ENUM_CONVERSION = YES;
				CLANG_WARN_INFINITE_RECURSION = YES;
				CLANG_WARN_INT_CONVERSION = YES;
				CLANG_WARN_NON_LITERAL_NULL_CONVERSION = YES;
				CLANG_WARN_OBJC_IMPLICIT_RETAIN_SELF = YES;
				CLANG_WARN_OBJC_LITERAL_CONVERSION = YES;
				CLANG_WARN_OBJC_ROOT_CLASS = YES_ERROR;
				CLANG_WARN_QUOTED_INCLUDE_IN_FRAMEWORK_HEADER = YES;
				CLANG_WARN_RANGE_LOOP_ANALYSIS = YES;
				CLANG_WARN_STRICT_PROTOTYPES = YES;
				CLANG_WARN_SUSPICIOUS_MOVE = YES;
				CLANG_WARN_UNGUARDED_AVAILABILITY = YES_AGGRESSIVE;
				CLANG_WARN_UNREACHABLE_CODE = YES;
				CLANG_WARN__DUPLICATE_METHOD_MATCH = YES;
				COPY_PHASE_STRIP = NO;
				DEBUG_INFORMATION_FORMAT = dwarf;
				ENABLE_STRICT_OBJC_MSGSEND = YES;
				ENABLE_TESTABILITY = YES;
				GCC_C_LANGUAGE_STANDARD = gnu11;
				GCC_DYNAMIC_NO_PIC = NO;
				GCC_NO_COMMON_BLOCKS = YES;
				GCC_OPTIMIZATION_LEVEL = 0;
				GCC_PREPROCESSOR_DEFINITIONS = (
					"DEBUG=1",
					"$(inherited)",
				);
				GCC_WARN_64_TO_32_BIT_CONVERSION = YES;
				GCC_WARN_ABOUT_RETURN_TYPE = YES_ERROR;
				GCC_WARN_UNDECLARED_SELECTOR = YES;
				GCC_WARN_UNINITIALIZED_AUTOS = YES_AGGRESSIVE;
				GCC_WARN_UNUSED_FUNCTION = YES;
				GCC_WARN_UNUSED_VARIABLE = YES;
				IPHONEOS_DEPLOYMENT_TARGET = 15.0;
				MTL_ENABLE_DEBUG_INFO = INCLUDE_SOURCE;
				MTL_FAST_MATH = YES;
				ONLY_ACTIVE_ARCH = YES;
				SDKROOT = iphoneos;
				SWIFT_ACTIVE_COMPILATION_CONDITIONS = DEBUG;
				SWIFT_OPTIMIZATION_LEVEL = "-Onone";
			};
			name = Debug;
		};
		BFE871522752057400D16C9E /* Release */ = {
			isa = XCBuildConfiguration;
			buildSettings = {
				ALWAYS_SEARCH_USER_PATHS = NO;
				CLANG_ANALYZER_NONNULL = YES;
				CLANG_ANALYZER_NUMBER_OBJECT_CONVERSION = YES_AGGRESSIVE;
				CLANG_CXX_LANGUAGE_STANDARD = "gnu++17";
				CLANG_CXX_LIBRARY = "libc++";
				CLANG_ENABLE_MODULES = YES;
				CLANG_ENABLE_OBJC_ARC = YES;
				CLANG_ENABLE_OBJC_WEAK = YES;
				CLANG_WARN_BLOCK_CAPTURE_AUTORELEASING = YES;
				CLANG_WARN_BOOL_CONVERSION = YES;
				CLANG_WARN_COMMA = YES;
				CLANG_WARN_CONSTANT_CONVERSION = YES;
				CLANG_WARN_DEPRECATED_OBJC_IMPLEMENTATIONS = YES;
				CLANG_WARN_DIRECT_OBJC_ISA_USAGE = YES_ERROR;
				CLANG_WARN_DOCUMENTATION_COMMENTS = YES;
				CLANG_WARN_EMPTY_BODY = YES;
				CLANG_WARN_ENUM_CONVERSION = YES;
				CLANG_WARN_INFINITE_RECURSION = YES;
				CLANG_WARN_INT_CONVERSION = YES;
				CLANG_WARN_NON_LITERAL_NULL_CONVERSION = YES;
				CLANG_WARN_OBJC_IMPLICIT_RETAIN_SELF = YES;
				CLANG_WARN_OBJC_LITERAL_CONVERSION = YES;
				CLANG_WARN_OBJC_ROOT_CLASS = YES_ERROR;
				CLANG_WARN_QUOTED_INCLUDE_IN_FRAMEWORK_HEADER = YES;
				CLANG_WARN_RANGE_LOOP_ANALYSIS = YES;
				CLANG_WARN_STRICT_PROTOTYPES = YES;
				CLANG_WARN_SUSPICIOUS_MOVE = YES;
				CLANG_WARN_UNGUARDED_AVAILABILITY = YES_AGGRESSIVE;
				CLANG_WARN_UNREACHABLE_CODE = YES;
				CLANG_WARN__DUPLICATE_METHOD_MATCH = YES;
				COPY_PHASE_STRIP = NO;
				DEBUG_INFORMATION_FORMAT = "dwarf-with-dsym";
				ENABLE_NS_ASSERTIONS = NO;
				ENABLE_STRICT_OBJC_MSGSEND = YES;
				GCC_C_LANGUAGE_STANDARD = gnu11;
				GCC_NO_COMMON_BLOCKS = YES;
				GCC_WARN_64_TO_32_BIT_CONVERSION = YES;
				GCC_WARN_ABOUT_RETURN_TYPE = YES_ERROR;
				GCC_WARN_UNDECLARED_SELECTOR = YES;
				GCC_WARN_UNINITIALIZED_AUTOS = YES_AGGRESSIVE;
				GCC_WARN_UNUSED_FUNCTION = YES;
				GCC_WARN_UNUSED_VARIABLE = YES;
				IPHONEOS_DEPLOYMENT_TARGET = 15.0;
				MTL_ENABLE_DEBUG_INFO = NO;
				MTL_FAST_MATH = YES;
				SDKROOT = iphoneos;
				SWIFT_COMPILATION_MODE = wholemodule;
				SWIFT_OPTIMIZATION_LEVEL = "-O";
				VALIDATE_PRODUCT = YES;
			};
			name = Release;
		};
		BFE871542752057400D16C9E /* Debug */ = {
			isa = XCBuildConfiguration;
			buildSettings = {
				ASSETCATALOG_COMPILER_APPICON_NAME = AppIcon;
				ASSETCATALOG_COMPILER_GLOBAL_ACCENT_COLOR_NAME = AccentColor;
				CODE_SIGN_STYLE = Automatic;
				CURRENT_PROJECT_VERSION = 1;
				DEVELOPMENT_ASSET_PATHS = "\"AOC2015/Preview Content\"";
				DEVELOPMENT_TEAM = WE3Z3S3MCF;
				ENABLE_PREVIEWS = YES;
				GENERATE_INFOPLIST_FILE = YES;
				INFOPLIST_KEY_UIApplicationSceneManifest_Generation = YES;
				INFOPLIST_KEY_UIApplicationSupportsIndirectInputEvents = YES;
				INFOPLIST_KEY_UILaunchScreen_Generation = YES;
				INFOPLIST_KEY_UISupportedInterfaceOrientations_iPad = "UIInterfaceOrientationPortrait UIInterfaceOrientationPortraitUpsideDown UIInterfaceOrientationLandscapeLeft UIInterfaceOrientationLandscapeRight";
				INFOPLIST_KEY_UISupportedInterfaceOrientations_iPhone = "UIInterfaceOrientationPortrait UIInterfaceOrientationLandscapeLeft UIInterfaceOrientationLandscapeRight";
				LD_RUNPATH_SEARCH_PATHS = (
					"$(inherited)",
					"@executable_path/Frameworks",
				);
				MARKETING_VERSION = 1.0;
				PRODUCT_BUNDLE_IDENTIFIER = com.pineo.AOC2015;
				PRODUCT_NAME = "$(TARGET_NAME)";
				SWIFT_EMIT_LOC_STRINGS = YES;
				SWIFT_VERSION = 5.0;
				TARGETED_DEVICE_FAMILY = 2;
			};
			name = Debug;
		};
		BFE871552752057400D16C9E /* Release */ = {
			isa = XCBuildConfiguration;
			buildSettings = {
				ASSETCATALOG_COMPILER_APPICON_NAME = AppIcon;
				ASSETCATALOG_COMPILER_GLOBAL_ACCENT_COLOR_NAME = AccentColor;
				CODE_SIGN_STYLE = Automatic;
				CURRENT_PROJECT_VERSION = 1;
				DEVELOPMENT_ASSET_PATHS = "\"AOC2015/Preview Content\"";
				DEVELOPMENT_TEAM = WE3Z3S3MCF;
				ENABLE_PREVIEWS = YES;
				GENERATE_INFOPLIST_FILE = YES;
				INFOPLIST_KEY_UIApplicationSceneManifest_Generation = YES;
				INFOPLIST_KEY_UIApplicationSupportsIndirectInputEvents = YES;
				INFOPLIST_KEY_UILaunchScreen_Generation = YES;
				INFOPLIST_KEY_UISupportedInterfaceOrientations_iPad = "UIInterfaceOrientationPortrait UIInterfaceOrientationPortraitUpsideDown UIInterfaceOrientationLandscapeLeft UIInterfaceOrientationLandscapeRight";
				INFOPLIST_KEY_UISupportedInterfaceOrientations_iPhone = "UIInterfaceOrientationPortrait UIInterfaceOrientationLandscapeLeft UIInterfaceOrientationLandscapeRight";
				LD_RUNPATH_SEARCH_PATHS = (
					"$(inherited)",
					"@executable_path/Frameworks",
				);
				MARKETING_VERSION = 1.0;
				PRODUCT_BUNDLE_IDENTIFIER = com.pineo.AOC2015;
				PRODUCT_NAME = "$(TARGET_NAME)";
				SWIFT_EMIT_LOC_STRINGS = YES;
				SWIFT_VERSION = 5.0;
				TARGETED_DEVICE_FAMILY = 2;
			};
			name = Release;
		};
		BFE871572752057400D16C9E /* Debug */ = {
			isa = XCBuildConfiguration;
			buildSettings = {
				ALWAYS_EMBED_SWIFT_STANDARD_LIBRARIES = YES;
				BUNDLE_LOADER = "$(TEST_HOST)";
				CODE_SIGN_STYLE = Automatic;
				CURRENT_PROJECT_VERSION = 1;
				DEVELOPMENT_TEAM = WE3Z3S3MCF;
				GENERATE_INFOPLIST_FILE = YES;
				IPHONEOS_DEPLOYMENT_TARGET = 15.0;
				LD_RUNPATH_SEARCH_PATHS = (
					"$(inherited)",
					"@executable_path/Frameworks",
					"@loader_path/Frameworks",
				);
				MARKETING_VERSION = 1.0;
				PRODUCT_BUNDLE_IDENTIFIER = com.pineo.AOC2015Tests;
				PRODUCT_NAME = "$(TARGET_NAME)";
				SWIFT_EMIT_LOC_STRINGS = NO;
				SWIFT_VERSION = 5.0;
				TARGETED_DEVICE_FAMILY = "1,2";
				TEST_HOST = "$(BUILT_PRODUCTS_DIR)/AOC2015.app/AOC2015";
			};
			name = Debug;
		};
		BFE871582752057400D16C9E /* Release */ = {
			isa = XCBuildConfiguration;
			buildSettings = {
				ALWAYS_EMBED_SWIFT_STANDARD_LIBRARIES = YES;
				BUNDLE_LOADER = "$(TEST_HOST)";
				CODE_SIGN_STYLE = Automatic;
				CURRENT_PROJECT_VERSION = 1;
				DEVELOPMENT_TEAM = WE3Z3S3MCF;
				GENERATE_INFOPLIST_FILE = YES;
				IPHONEOS_DEPLOYMENT_TARGET = 15.0;
				LD_RUNPATH_SEARCH_PATHS = (
					"$(inherited)",
					"@executable_path/Frameworks",
					"@loader_path/Frameworks",
				);
				MARKETING_VERSION = 1.0;
				PRODUCT_BUNDLE_IDENTIFIER = com.pineo.AOC2015Tests;
				PRODUCT_NAME = "$(TARGET_NAME)";
				SWIFT_EMIT_LOC_STRINGS = NO;
				SWIFT_VERSION = 5.0;
				TARGETED_DEVICE_FAMILY = "1,2";
				TEST_HOST = "$(BUILT_PRODUCTS_DIR)/AOC2015.app/AOC2015";
			};
			name = Release;
		};
/* End XCBuildConfiguration section */

/* Begin XCConfigurationList section */
		BFE8712A2752057300D16C9E /* Build configuration list for PBXProject "AOC2015" */ = {
			isa = XCConfigurationList;
			buildConfigurations = (
				BFE871512752057400D16C9E /* Debug */,
				BFE871522752057400D16C9E /* Release */,
			);
			defaultConfigurationIsVisible = 0;
			defaultConfigurationName = Release;
		};
		BFE871532752057400D16C9E /* Build configuration list for PBXNativeTarget "AOC2015" */ = {
			isa = XCConfigurationList;
			buildConfigurations = (
				BFE871542752057400D16C9E /* Debug */,
				BFE871552752057400D16C9E /* Release */,
			);
			defaultConfigurationIsVisible = 0;
			defaultConfigurationName = Release;
		};
		BFE871562752057400D16C9E /* Build configuration list for PBXNativeTarget "AOC2015Tests" */ = {
			isa = XCConfigurationList;
			buildConfigurations = (
				BFE871572752057400D16C9E /* Debug */,
				BFE871582752057400D16C9E /* Release */,
			);
			defaultConfigurationIsVisible = 0;
			defaultConfigurationName = Release;
		};
/* End XCConfigurationList section */

/* Begin XCSwiftPackageProductDependency section */
		BFE871762752AEBF00D16C9E /* AOCLib */ = {
			isa = XCSwiftPackageProductDependency;
			productName = AOCLib;
		};
/* End XCSwiftPackageProductDependency section */
	};
	rootObject = BFE871272752057300D16C9E /* Project object */;
}
